
Microsoft Visual Studio Solution File, Format Version 12.00
# Visual Studio 2013
VisualStudioVersion = 12.0.31101.0
MinimumVisualStudioVersion = 10.0.40219.1
Project("{2150E333-8FDC-42A3-9474-1A3956D46DE8}") = "src", "src", "{6882AA0F-683A-4660-BF39-F9F00CC351DD}"
EndProject
Project("{2150E333-8FDC-42A3-9474-1A3956D46DE8}") = "tests", "tests", "{F0C3B07C-A7E1-48AA-911B-35CE49323A36}"
EndProject
Project("{2150E333-8FDC-42A3-9474-1A3956D46DE8}") = ".nuget", ".nuget", "{73798C80-EB18-442B-9ACD-56A863B942E4}"
	ProjectSection(SolutionItems) = preProject
		.nuget\packages.config = .nuget\packages.config
	EndProjectSection
EndProject
Project("{FAE04EC0-301F-11D3-BF4B-00C04F79EFBC}") = "Passenger", "src\Passenger\Passenger.csproj", "{F411BD23-AADB-4B83-A0F8-20377ADDE8FD}"
EndProject
Project("{FAE04EC0-301F-11D3-BF4B-00C04F79EFBC}") = "Passenger.Test.Unit", "tests\Passenger.Test.Unit\Passenger.Test.Unit.csproj", "{474D84EC-A629-4E79-82DE-23067FF5D309}"
EndProject
Project("{FAE04EC0-301F-11D3-BF4B-00C04F79EFBC}") = "Passenger.Examples", "tests\Passenger.Examples\Passenger.Examples.csproj", "{6A4E93EF-C7BB-46FF-B81A-FF73DF0B224D}"
EndProject
Global
	GlobalSection(SolutionConfigurationPlatforms) = preSolution
		Debug|Any CPU = Debug|Any CPU
		Release|Any CPU = Release|Any CPU
	EndGlobalSection
	GlobalSection(ProjectConfigurationPlatforms) = postSolution
		{F411BD23-AADB-4B83-A0F8-20377ADDE8FD}.Debug|Any CPU.ActiveCfg = Debug|Any CPU
		{F411BD23-AADB-4B83-A0F8-20377ADDE8FD}.Debug|Any CPU.Build.0 = Debug|Any CPU
		{F411BD23-AADB-4B83-A0F8-20377ADDE8FD}.Release|Any CPU.ActiveCfg = Release|Any CPU
		{F411BD23-AADB-4B83-A0F8-20377ADDE8FD}.Release|Any CPU.Build.0 = Release|Any CPU
		{474D84EC-A629-4E79-82DE-23067FF5D309}.Debug|Any CPU.ActiveCfg = Debug|Any CPU
		{474D84EC-A629-4E79-82DE-23067FF5D309}.Debug|Any CPU.Build.0 = Debug|Any CPU
		{474D84EC-A629-4E79-82DE-23067FF5D309}.Release|Any CPU.ActiveCfg = Release|Any CPU
		{474D84EC-A629-4E79-82DE-23067FF5D309}.Release|Any CPU.Build.0 = Release|Any CPU
		{6A4E93EF-C7BB-46FF-B81A-FF73DF0B224D}.Debug|Any CPU.ActiveCfg = Debug|Any CPU
		{6A4E93EF-C7BB-46FF-B81A-FF73DF0B224D}.Debug|Any CPU.Build.0 = Debug|Any CPU
		{6A4E93EF-C7BB-46FF-B81A-FF73DF0B224D}.Release|Any CPU.ActiveCfg = Release|Any CPU
		{6A4E93EF-C7BB-46FF-B81A-FF73DF0B224D}.Release|Any CPU.Build.0 = Release|Any CPU
	EndGlobalSection
	GlobalSection(SolutionProperties) = preSolution
		HideSolutionNode = FALSE
	EndGlobalSection
	GlobalSection(NestedProjects) = preSolution
		{F411BD23-AADB-4B83-A0F8-20377ADDE8FD} = {6882AA0F-683A-4660-BF39-F9F00CC351DD}
		{474D84EC-A629-4E79-82DE-23067FF5D309} = {F0C3B07C-A7E1-48AA-911B-35CE49323A36}
		{6A4E93EF-C7BB-46FF-B81A-FF73DF0B224D} = {F0C3B07C-A7E1-48AA-911B-35CE49323A36}
	EndGlobalSection
EndGlobal
